{
  "version": 4,
  "terraform_version": "0.12.9",
  "serial": 1,
  "lineage": "00cd63af-96fa-dee9-bdf0-034bc76951a8",
  "outputs": {},
  "resources": [
    {
      "mode": "managed",
      "type": "google_compute_instance",
      "name": "tcbuild",
      "provider": "provider.google",
      "instances": [
        {
          "schema_version": 6,
          "attributes": {
            "allow_stopping_for_update": null,
            "attached_disk": [],
            "boot_disk": [
              {
                "auto_delete": true,
                "device_name": "tcbuild",
                "disk_encryption_key_raw": "",
                "disk_encryption_key_sha256": "",
                "initialize_params": [
                  {
                    "image": "",
                    "labels": {},
                    "size": 100,
                    "type": "pd-standard"
                  }
                ],
                "kms_key_self_link": "",
                "mode": "READ_WRITE",
                "source": "https://www.googleapis.com/compute/v1/projects/united-aura-252016/zones/europe-west4-a/disks/tcbuild"
              }
            ],
            "can_ip_forward": false,
            "cpu_platform": "Intel Skylake",
            "deletion_protection": false,
            "description": "",
            "disk": [],
            "guest_accelerator": [],
            "hostname": "",
            "id": "tcbuild",
            "instance_id": "1895181860891867023",
            "label_fingerprint": "42WmSpB8rSM=",
            "labels": {},
            "machine_type": "custom-2-4096",
            "metadata": {
              "ssh-keys": "isakovasvitlana:ssh-rsa AAAAB3NzaC1yc2EAAAADAQABAAABAQC2benuK2MelTIT0xMpUeSO+5NJvSLTqaVTaA3CJq3f+k7y2vBhggaBbPQeebhm8m4iC02eOuMUWW/55T/pUv/uPcbG8kkxGF+8BG13g8Sog9OnUG+kZotS+tx8C7bRvDBse71vqtXSv4sThkgKtLQMxpTTI0MybywB13RaudD40W9hphQM6YQG89d5/PWsZC84SNfanPfYLQ6fR3540+e6fjrfTzFK3b+S3bMhqq1Ki6SlH82QpCGZdpQsdIPO3sVKRr9dNZEixwC8DHSuev+Xt39zQbgMl/W0Z9BqXh1I9F6LaxVorN/NJB+DqgwDS64/lONxr5Bbis0FY5opyIdj isakovasvitlana"
            },
            "metadata_fingerprint": "gGaJqk6Na5U=",
            "metadata_startup_script": "",
            "min_cpu_platform": "",
            "name": "tcbuild",
            "network_interface": [
              {
                "access_config": [
                  {
                    "assigned_nat_ip": "",
                    "nat_ip": "34.90.47.138",
                    "network_tier": "PREMIUM",
                    "public_ptr_domain_name": ""
                  }
                ],
                "address": "",
                "alias_ip_range": [],
                "name": "nic0",
                "network": "https://www.googleapis.com/compute/v1/projects/united-aura-252016/global/networks/default",
                "network_ip": "10.164.0.4",
                "subnetwork": "https://www.googleapis.com/compute/v1/projects/united-aura-252016/regions/europe-west4/subnetworks/default",
                "subnetwork_project": "united-aura-252016"
              }
            ],
            "project": "united-aura-252016",
            "scheduling": [
              {
                "automatic_restart": true,
                "node_affinities": [],
                "on_host_maintenance": "MIGRATE",
                "preemptible": false
              }
            ],
            "scratch_disk": [],
            "self_link": "https://www.googleapis.com/compute/v1/projects/united-aura-252016/zones/europe-west4-a/instances/tcbuild",
            "service_account": [
              {
                "email": "187524798692-compute@developer.gserviceaccount.com",
                "scopes": [
                  "https://www.googleapis.com/auth/devstorage.read_only",
                  "https://www.googleapis.com/auth/logging.write",
                  "https://www.googleapis.com/auth/monitoring.write",
                  "https://www.googleapis.com/auth/service.management.readonly",
                  "https://www.googleapis.com/auth/servicecontrol",
                  "https://www.googleapis.com/auth/trace.append"
                ]
              }
            ],
            "shielded_instance_config": [],
            "tags": [
              "http-server",
              "https-server",
              "tc"
            ],
            "tags_fingerprint": "WKWMybxAkuw=",
            "timeouts": {
              "create": null,
              "delete": null,
              "update": null
            },
            "zone": "europe-west4-a"
          },
          "private": "eyJlMmJmYjczMC1lY2FhLTExZTYtOGY4OC0zNDM2M2JjN2M0YzAiOnsiY3JlYXRlIjoxMjAwMDAwMDAwMDAwLCJkZWxldGUiOjEyMDAwMDAwMDAwMDAsInVwZGF0ZSI6MTIwMDAwMDAwMDAwMH0sInNjaGVtYV92ZXJzaW9uIjoiNiJ9"
        }
      ]
    }
  ]
}
